// !$*UTF8*$!
{
	archiveVersion = 1;
	classes = {
	};
	objectVersion = 52;
	objects = {

/* Begin PBXBuildFile section */
		FA1B2DE623D24A75007E7E58 /* CardView.swift in Sources */ = {isa = PBXBuildFile; fileRef = FA1B2DE523D24A75007E7E58 /* CardView.swift */; };
		FA1B2DEC23D35156007E7E58 /* NavigationController.swift in Sources */ = {isa = PBXBuildFile; fileRef = FA1B2DEB23D35156007E7E58 /* NavigationController.swift */; };
		FA29354D23F7237B00236B18 /* LoadingView.swift in Sources */ = {isa = PBXBuildFile; fileRef = FA29354C23F7237B00236B18 /* LoadingView.swift */; };
		FA3F0EC6241E4E2C006FFE24 /* Comment.swift in Sources */ = {isa = PBXBuildFile; fileRef = FAFAFD7723D1EB8200C4B683 /* Comment.swift */; };
		FA3F0ED5241E61EE006FFE24 /* View+AutoLayout.swift in Sources */ = {isa = PBXBuildFile; fileRef = FAFAFD7B23D1F1A500C4B683 /* View+AutoLayout.swift */; };
		FA3F0ED6241E61EE006FFE24 /* EdgeInsets+Init.swift in Sources */ = {isa = PBXBuildFile; fileRef = FA1B2DE323D248E8007E7E58 /* EdgeInsets+Init.swift */; };
		FA3F0ED7241E61EE006FFE24 /* URLSessionServer+Typicode.swift in Sources */ = {isa = PBXBuildFile; fileRef = FA36E07E23F0801000A58E43 /* URLSessionServer+Typicode.swift */; };
		FA651AC32424D4F8006F5EEF /* CommentsDataSource.swift in Sources */ = {isa = PBXBuildFile; fileRef = FA651AC22424D4F8006F5EEF /* CommentsDataSource.swift */; };
		FA80B06B23D380A8006AFF31 /* README.md in Resources */ = {isa = PBXBuildFile; fileRef = FA80B06A23D380A8006AFF31 /* README.md */; };
		FABF3488241FCAC00029D981 /* SimpleCachedNetworking in Frameworks */ = {isa = PBXBuildFile; productRef = FABF3487241FCAC00029D981 /* SimpleCachedNetworking */; };
		FABF813F24250447004ABBE2 /* CommentsDelegate.swift in Sources */ = {isa = PBXBuildFile; fileRef = FABF813E24250447004ABBE2 /* CommentsDelegate.swift */; };
		FAC21C0223D206C800383478 /* DetailsViewController.swift in Sources */ = {isa = PBXBuildFile; fileRef = FAC21C0123D206C800383478 /* DetailsViewController.swift */; };
		FAC21C0823D20B9E00383478 /* AppCoordinator.swift in Sources */ = {isa = PBXBuildFile; fileRef = FAC21C0723D20B9E00383478 /* AppCoordinator.swift */; };
		FAE94C2B23DCA94000A709AC /* CommentsViewController.swift in Sources */ = {isa = PBXBuildFile; fileRef = FAE94C2A23DCA94000A709AC /* CommentsViewController.swift */; };
		FAFAFD6223D1E4F800C4B683 /* AppDelegate.swift in Sources */ = {isa = PBXBuildFile; fileRef = FAFAFD6123D1E4F800C4B683 /* AppDelegate.swift */; };
		FAFAFD6423D1E4F800C4B683 /* SceneDelegate.swift in Sources */ = {isa = PBXBuildFile; fileRef = FAFAFD6323D1E4F800C4B683 /* SceneDelegate.swift */; };
		FAFAFD6B23D1E4FA00C4B683 /* Assets.xcassets in Resources */ = {isa = PBXBuildFile; fileRef = FAFAFD6A23D1E4FA00C4B683 /* Assets.xcassets */; };
		FAFAFD6E23D1E4FA00C4B683 /* LaunchScreen.storyboard in Resources */ = {isa = PBXBuildFile; fileRef = FAFAFD6C23D1E4FA00C4B683 /* LaunchScreen.storyboard */; };
		FAFAFD7E23D1F8E700C4B683 /* LoadingViewController.swift in Sources */ = {isa = PBXBuildFile; fileRef = FAFAFD7D23D1F8E700C4B683 /* LoadingViewController.swift */; };
		FAFAFD8423D2039700C4B683 /* SubtitleTableViewCell.swift in Sources */ = {isa = PBXBuildFile; fileRef = FAFAFD8323D2039700C4B683 /* SubtitleTableViewCell.swift */; };
/* End PBXBuildFile section */

/* Begin PBXCopyFilesBuildPhase section */
		FA59401023F173CA00E6CADD /* Embed Frameworks */ = {
			isa = PBXCopyFilesBuildPhase;
			buildActionMask = 2147483647;
			dstPath = "";
			dstSubfolderSpec = 10;
			files = (
			);
			name = "Embed Frameworks";
			runOnlyForDeploymentPostprocessing = 0;
		};
/* End PBXCopyFilesBuildPhase section */

/* Begin PBXFileReference section */
		FA1B2DE323D248E8007E7E58 /* EdgeInsets+Init.swift */ = {isa = PBXFileReference; lastKnownFileType = sourcecode.swift; path = "EdgeInsets+Init.swift"; sourceTree = "<group>"; };
		FA1B2DE523D24A75007E7E58 /* CardView.swift */ = {isa = PBXFileReference; lastKnownFileType = sourcecode.swift; path = CardView.swift; sourceTree = "<group>"; };
		FA1B2DEB23D35156007E7E58 /* NavigationController.swift */ = {isa = PBXFileReference; lastKnownFileType = sourcecode.swift; path = NavigationController.swift; sourceTree = "<group>"; };
		FA29354C23F7237B00236B18 /* LoadingView.swift */ = {isa = PBXFileReference; lastKnownFileType = sourcecode.swift; path = LoadingView.swift; sourceTree = "<group>"; };
		FA36E07E23F0801000A58E43 /* URLSessionServer+Typicode.swift */ = {isa = PBXFileReference; lastKnownFileType = sourcecode.swift; path = "URLSessionServer+Typicode.swift"; sourceTree = "<group>"; };
		FA651AC22424D4F8006F5EEF /* CommentsDataSource.swift */ = {isa = PBXFileReference; lastKnownFileType = sourcecode.swift; path = CommentsDataSource.swift; sourceTree = "<group>"; };
		FA80B06A23D380A8006AFF31 /* README.md */ = {isa = PBXFileReference; lastKnownFileType = net.daringfireball.markdown; path = README.md; sourceTree = "<group>"; };
		FAA6460C23F1798B00FC66AF /* CoreServices.framework */ = {isa = PBXFileReference; lastKnownFileType = wrapper.framework; name = CoreServices.framework; path = System/Library/Frameworks/CoreServices.framework; sourceTree = SDKROOT; };
		FABF813E24250447004ABBE2 /* CommentsDelegate.swift */ = {isa = PBXFileReference; lastKnownFileType = sourcecode.swift; path = CommentsDelegate.swift; sourceTree = "<group>"; };
		FAC21C0123D206C800383478 /* DetailsViewController.swift */ = {isa = PBXFileReference; lastKnownFileType = sourcecode.swift; path = DetailsViewController.swift; sourceTree = "<group>"; };
		FAC21C0723D20B9E00383478 /* AppCoordinator.swift */ = {isa = PBXFileReference; fileEncoding = 4; lastKnownFileType = sourcecode.swift; path = AppCoordinator.swift; sourceTree = "<group>"; };
		FAE94C2A23DCA94000A709AC /* CommentsViewController.swift */ = {isa = PBXFileReference; lastKnownFileType = sourcecode.swift; path = CommentsViewController.swift; sourceTree = "<group>"; };
		FAFAFD5E23D1E4F800C4B683 /* DecoupledNetworking.app */ = {isa = PBXFileReference; explicitFileType = wrapper.application; includeInIndex = 0; path = DecoupledNetworking.app; sourceTree = BUILT_PRODUCTS_DIR; };
		FAFAFD6123D1E4F800C4B683 /* AppDelegate.swift */ = {isa = PBXFileReference; lastKnownFileType = sourcecode.swift; path = AppDelegate.swift; sourceTree = "<group>"; };
		FAFAFD6323D1E4F800C4B683 /* SceneDelegate.swift */ = {isa = PBXFileReference; lastKnownFileType = sourcecode.swift; path = SceneDelegate.swift; sourceTree = "<group>"; };
		FAFAFD6A23D1E4FA00C4B683 /* Assets.xcassets */ = {isa = PBXFileReference; lastKnownFileType = folder.assetcatalog; path = Assets.xcassets; sourceTree = "<group>"; };
		FAFAFD6D23D1E4FA00C4B683 /* Base */ = {isa = PBXFileReference; lastKnownFileType = file.storyboard; name = Base; path = Base.lproj/LaunchScreen.storyboard; sourceTree = "<group>"; };
		FAFAFD6F23D1E4FA00C4B683 /* Info.plist */ = {isa = PBXFileReference; lastKnownFileType = text.plist.xml; path = Info.plist; sourceTree = "<group>"; };
		FAFAFD7723D1EB8200C4B683 /* Comment.swift */ = {isa = PBXFileReference; lastKnownFileType = sourcecode.swift; path = Comment.swift; sourceTree = "<group>"; };
		FAFAFD7B23D1F1A500C4B683 /* View+AutoLayout.swift */ = {isa = PBXFileReference; fileEncoding = 4; lastKnownFileType = sourcecode.swift; path = "View+AutoLayout.swift"; sourceTree = "<group>"; };
		FAFAFD7D23D1F8E700C4B683 /* LoadingViewController.swift */ = {isa = PBXFileReference; lastKnownFileType = sourcecode.swift; path = LoadingViewController.swift; sourceTree = "<group>"; };
		FAFAFD8323D2039700C4B683 /* SubtitleTableViewCell.swift */ = {isa = PBXFileReference; lastKnownFileType = sourcecode.swift; path = SubtitleTableViewCell.swift; sourceTree = "<group>"; };
/* End PBXFileReference section */

/* Begin PBXFrameworksBuildPhase section */
		FAFAFD5B23D1E4F800C4B683 /* Frameworks */ = {
			isa = PBXFrameworksBuildPhase;
			buildActionMask = 2147483647;
			files = (
				FABF3488241FCAC00029D981 /* SimpleCachedNetworking in Frameworks */,
			);
			runOnlyForDeploymentPostprocessing = 0;
		};
/* End PBXFrameworksBuildPhase section */

/* Begin PBXGroup section */
		FA3F0ED8241E6434006FFE24 /* Model objects */ = {
			isa = PBXGroup;
			children = (
				FAFAFD7723D1EB8200C4B683 /* Comment.swift */,
			);
			path = "Model objects";
			sourceTree = "<group>";
		};
		FA3F0ED9241E6476006FFE24 /* Supporting files */ = {
			isa = PBXGroup;
			children = (
				FA3F0ED8241E6434006FFE24 /* Model objects */,
				FAA6461123F17A1900FC66AF /* Extensions */,
				FAFAFD6123D1E4F800C4B683 /* AppDelegate.swift */,
				FAFAFD6323D1E4F800C4B683 /* SceneDelegate.swift */,
				FAFAFD6A23D1E4FA00C4B683 /* Assets.xcassets */,
				FAFAFD6C23D1E4FA00C4B683 /* LaunchScreen.storyboard */,
			);
			path = "Supporting files";
			sourceTree = "<group>";
		};
		FA3F0EDA241E64B0006FFE24 /* Scenes */ = {
			isa = PBXGroup;
			children = (
				FA6D0D7123DAD1C500C133CB /* Loading */,
				FA6D0D7223DAD1D100C133CB /* Comment list */,
				FA6D0D7023DAD1B200C133CB /* Comment details */,
			);
			path = Scenes;
			sourceTree = "<group>";
		};
		FA3F0EDB241E6524006FFE24 /* Coordinator */ = {
			isa = PBXGroup;
			children = (
				FAC21C0723D20B9E00383478 /* AppCoordinator.swift */,
			);
			path = Coordinator;
			sourceTree = "<group>";
		};
		FA6D0D7023DAD1B200C133CB /* Comment details */ = {
			isa = PBXGroup;
			children = (
				FA1B2DE523D24A75007E7E58 /* CardView.swift */,
				FAC21C0123D206C800383478 /* DetailsViewController.swift */,
			);
			path = "Comment details";
			sourceTree = "<group>";
		};
		FA6D0D7123DAD1C500C133CB /* Loading */ = {
			isa = PBXGroup;
			children = (
				FA1B2DEB23D35156007E7E58 /* NavigationController.swift */,
				FA29354C23F7237B00236B18 /* LoadingView.swift */,
				FAFAFD7D23D1F8E700C4B683 /* LoadingViewController.swift */,
			);
			path = Loading;
			sourceTree = "<group>";
		};
		FA6D0D7223DAD1D100C133CB /* Comment list */ = {
			isa = PBXGroup;
			children = (
				FAFAFD8323D2039700C4B683 /* SubtitleTableViewCell.swift */,
				FABF813E24250447004ABBE2 /* CommentsDelegate.swift */,
				FA651AC22424D4F8006F5EEF /* CommentsDataSource.swift */,
				FAE94C2A23DCA94000A709AC /* CommentsViewController.swift */,
			);
			path = "Comment list";
			sourceTree = "<group>";
		};
		FAA6460B23F1798B00FC66AF /* Frameworks */ = {
			isa = PBXGroup;
			children = (
				FAA6460C23F1798B00FC66AF /* CoreServices.framework */,
			);
			name = Frameworks;
			sourceTree = "<group>";
		};
		FAA6461123F17A1900FC66AF /* Extensions */ = {
			isa = PBXGroup;
			children = (
				FAFAFD7B23D1F1A500C4B683 /* View+AutoLayout.swift */,
				FA1B2DE323D248E8007E7E58 /* EdgeInsets+Init.swift */,
				FA36E07E23F0801000A58E43 /* URLSessionServer+Typicode.swift */,
			);
			path = Extensions;
			sourceTree = "<group>";
		};
		FAFAFD5523D1E4F800C4B683 = {
			isa = PBXGroup;
			children = (
				FA80B06A23D380A8006AFF31 /* README.md */,
				FAFAFD6023D1E4F800C4B683 /* DecoupledNetworking */,
				FAFAFD5F23D1E4F800C4B683 /* Products */,
				FAA6460B23F1798B00FC66AF /* Frameworks */,
			);
			sourceTree = "<group>";
		};
		FAFAFD5F23D1E4F800C4B683 /* Products */ = {
			isa = PBXGroup;
			children = (
				FAFAFD5E23D1E4F800C4B683 /* DecoupledNetworking.app */,
			);
			name = Products;
			sourceTree = "<group>";
		};
		FAFAFD6023D1E4F800C4B683 /* DecoupledNetworking */ = {
			isa = PBXGroup;
			children = (
				FA3F0EDB241E6524006FFE24 /* Coordinator */,
				FA3F0EDA241E64B0006FFE24 /* Scenes */,
				FA3F0ED9241E6476006FFE24 /* Supporting files */,
				FAFAFD6F23D1E4FA00C4B683 /* Info.plist */,
			);
			path = DecoupledNetworking;
			sourceTree = "<group>";
		};
/* End PBXGroup section */

/* Begin PBXNativeTarget section */
		FAFAFD5D23D1E4F800C4B683 /* DecoupledNetworking */ = {
			isa = PBXNativeTarget;
			buildConfigurationList = FAFAFD7223D1E4FA00C4B683 /* Build configuration list for PBXNativeTarget "DecoupledNetworking" */;
			buildPhases = (
				FAFAFD5A23D1E4F800C4B683 /* Sources */,
				FAFAFD5B23D1E4F800C4B683 /* Frameworks */,
				FAFAFD5C23D1E4F800C4B683 /* Resources */,
				FA59401023F173CA00E6CADD /* Embed Frameworks */,
			);
			buildRules = (
			);
			dependencies = (
			);
			name = DecoupledNetworking;
			packageProductDependencies = (
				FABF3487241FCAC00029D981 /* SimpleCachedNetworking */,
			);
			productName = DecoupledNetworking;
			productReference = FAFAFD5E23D1E4F800C4B683 /* DecoupledNetworking.app */;
			productType = "com.apple.product-type.application";
		};
/* End PBXNativeTarget section */

/* Begin PBXProject section */
		FAFAFD5623D1E4F800C4B683 /* Project object */ = {
			isa = PBXProject;
			attributes = {
				LastSwiftUpdateCheck = 1130;
				LastUpgradeCheck = 1130;
				ORGANIZATIONNAME = tonezone6;
				TargetAttributes = {
					FAFAFD5D23D1E4F800C4B683 = {
						CreatedOnToolsVersion = 11.3.1;
					};
				};
			};
			buildConfigurationList = FAFAFD5923D1E4F800C4B683 /* Build configuration list for PBXProject "DecoupledNetworking" */;
			compatibilityVersion = "Xcode 9.3";
			developmentRegion = en;
			hasScannedForEncodings = 0;
			knownRegions = (
				en,
				Base,
			);
			mainGroup = FAFAFD5523D1E4F800C4B683;
			packageReferences = (
				FABF3486241FCAC00029D981 /* XCRemoteSwiftPackageReference "SimpleCachedNetworking" */,
			);
			productRefGroup = FAFAFD5F23D1E4F800C4B683 /* Products */;
			projectDirPath = "";
			projectRoot = "";
			targets = (
				FAFAFD5D23D1E4F800C4B683 /* DecoupledNetworking */,
			);
		};
/* End PBXProject section */

/* Begin PBXResourcesBuildPhase section */
		FAFAFD5C23D1E4F800C4B683 /* Resources */ = {
			isa = PBXResourcesBuildPhase;
			buildActionMask = 2147483647;
			files = (
				FA80B06B23D380A8006AFF31 /* README.md in Resources */,
				FAFAFD6E23D1E4FA00C4B683 /* LaunchScreen.storyboard in Resources */,
				FAFAFD6B23D1E4FA00C4B683 /* Assets.xcassets in Resources */,
			);
			runOnlyForDeploymentPostprocessing = 0;
		};
/* End PBXResourcesBuildPhase section */

/* Begin PBXSourcesBuildPhase section */
		FAFAFD5A23D1E4F800C4B683 /* Sources */ = {
			isa = PBXSourcesBuildPhase;
			buildActionMask = 2147483647;
			files = (
				FA651AC32424D4F8006F5EEF /* CommentsDataSource.swift in Sources */,
				FA1B2DE623D24A75007E7E58 /* CardView.swift in Sources */,
				FABF813F24250447004ABBE2 /* CommentsDelegate.swift in Sources */,
				FAC21C0823D20B9E00383478 /* AppCoordinator.swift in Sources */,
				FA3F0ED7241E61EE006FFE24 /* URLSessionServer+Typicode.swift in Sources */,
				FAFAFD6223D1E4F800C4B683 /* AppDelegate.swift in Sources */,
				FA29354D23F7237B00236B18 /* LoadingView.swift in Sources */,
				FA3F0ED5241E61EE006FFE24 /* View+AutoLayout.swift in Sources */,
				FAFAFD8423D2039700C4B683 /* SubtitleTableViewCell.swift in Sources */,
				FAE94C2B23DCA94000A709AC /* CommentsViewController.swift in Sources */,
				FAFAFD7E23D1F8E700C4B683 /* LoadingViewController.swift in Sources */,
				FA1B2DEC23D35156007E7E58 /* NavigationController.swift in Sources */,
				FA3F0ED6241E61EE006FFE24 /* EdgeInsets+Init.swift in Sources */,
				FAC21C0223D206C800383478 /* DetailsViewController.swift in Sources */,
				FA3F0EC6241E4E2C006FFE24 /* Comment.swift in Sources */,
				FAFAFD6423D1E4F800C4B683 /* SceneDelegate.swift in Sources */,
			);
			runOnlyForDeploymentPostprocessing = 0;
		};
/* End PBXSourcesBuildPhase section */

/* Begin PBXVariantGroup section */
		FAFAFD6C23D1E4FA00C4B683 /* LaunchScreen.storyboard */ = {
			isa = PBXVariantGroup;
			children = (
				FAFAFD6D23D1E4FA00C4B683 /* Base */,
			);
			name = LaunchScreen.storyboard;
			sourceTree = "<group>";
		};
/* End PBXVariantGroup section */

/* Begin XCBuildConfiguration section */
		FAFAFD7023D1E4FA00C4B683 /* Debug */ = {
			isa = XCBuildConfiguration;
			buildSettings = {
				ALWAYS_SEARCH_USER_PATHS = NO;
				CLANG_ANALYZER_NONNULL = YES;
				CLANG_ANALYZER_NUMBER_OBJECT_CONVERSION = YES_AGGRESSIVE;
				CLANG_CXX_LANGUAGE_STANDARD = "gnu++14";
				CLANG_CXX_LIBRARY = "libc++";
				CLANG_ENABLE_MODULES = YES;
				CLANG_ENABLE_OBJC_ARC = YES;
				CLANG_ENABLE_OBJC_WEAK = YES;
				CLANG_WARN_BLOCK_CAPTURE_AUTORELEASING = YES;
				CLANG_WARN_BOOL_CONVERSION = YES;
				CLANG_WARN_COMMA = YES;
				CLANG_WARN_CONSTANT_CONVERSION = YES;
				CLANG_WARN_DEPRECATED_OBJC_IMPLEMENTATIONS = YES;
				CLANG_WARN_DIRECT_OBJC_ISA_USAGE = YES_ERROR;
				CLANG_WARN_DOCUMENTATION_COMMENTS = YES;
				CLANG_WARN_EMPTY_BODY = YES;
				CLANG_WARN_ENUM_CONVERSION = YES;
				CLANG_WARN_INFINITE_RECURSION = YES;
				CLANG_WARN_INT_CONVERSION = YES;
				CLANG_WARN_NON_LITERAL_NULL_CONVERSION = YES;
				CLANG_WARN_OBJC_IMPLICIT_RETAIN_SELF = YES;
				CLANG_WARN_OBJC_LITERAL_CONVERSION = YES;
				CLANG_WARN_OBJC_ROOT_CLASS = YES_ERROR;
				CLANG_WARN_RANGE_LOOP_ANALYSIS = YES;
				CLANG_WARN_STRICT_PROTOTYPES = YES;
				CLANG_WARN_SUSPICIOUS_MOVE = YES;
				CLANG_WARN_UNGUARDED_AVAILABILITY = YES_AGGRESSIVE;
				CLANG_WARN_UNREACHABLE_CODE = YES;
				CLANG_WARN__DUPLICATE_METHOD_MATCH = YES;
				COPY_PHASE_STRIP = NO;
				DEBUG_INFORMATION_FORMAT = dwarf;
				ENABLE_STRICT_OBJC_MSGSEND = YES;
				ENABLE_TESTABILITY = YES;
				GCC_C_LANGUAGE_STANDARD = gnu11;
				GCC_DYNAMIC_NO_PIC = NO;
				GCC_NO_COMMON_BLOCKS = YES;
				GCC_OPTIMIZATION_LEVEL = 0;
				GCC_PREPROCESSOR_DEFINITIONS = (
					"DEBUG=1",
					"$(inherited)",
				);
				GCC_WARN_64_TO_32_BIT_CONVERSION = YES;
				GCC_WARN_ABOUT_RETURN_TYPE = YES_ERROR;
				GCC_WARN_UNDECLARED_SELECTOR = YES;
				GCC_WARN_UNINITIALIZED_AUTOS = YES_AGGRESSIVE;
				GCC_WARN_UNUSED_FUNCTION = YES;
				GCC_WARN_UNUSED_VARIABLE = YES;
				IPHONEOS_DEPLOYMENT_TARGET = 13.2;
				MTL_ENABLE_DEBUG_INFO = INCLUDE_SOURCE;
				MTL_FAST_MATH = YES;
				ONLY_ACTIVE_ARCH = YES;
				SDKROOT = iphoneos;
				SWIFT_ACTIVE_COMPILATION_CONDITIONS = DEBUG;
				SWIFT_OPTIMIZATION_LEVEL = "-Onone";
			};
			name = Debug;
		};
		FAFAFD7123D1E4FA00C4B683 /* Release */ = {
			isa = XCBuildConfiguration;
			buildSettings = {
				ALWAYS_SEARCH_USER_PATHS = NO;
				CLANG_ANALYZER_NONNULL = YES;
				CLANG_ANALYZER_NUMBER_OBJECT_CONVERSION = YES_AGGRESSIVE;
				CLANG_CXX_LANGUAGE_STANDARD = "gnu++14";
				CLANG_CXX_LIBRARY = "libc++";
				CLANG_ENABLE_MODULES = YES;
				CLANG_ENABLE_OBJC_ARC = YES;
				CLANG_ENABLE_OBJC_WEAK = YES;
				CLANG_WARN_BLOCK_CAPTURE_AUTORELEASING = YES;
				CLANG_WARN_BOOL_CONVERSION = YES;
				CLANG_WARN_COMMA = YES;
				CLANG_WARN_CONSTANT_CONVERSION = YES;
				CLANG_WARN_DEPRECATED_OBJC_IMPLEMENTATIONS = YES;
				CLANG_WARN_DIRECT_OBJC_ISA_USAGE = YES_ERROR;
				CLANG_WARN_DOCUMENTATION_COMMENTS = YES;
				CLANG_WARN_EMPTY_BODY = YES;
				CLANG_WARN_ENUM_CONVERSION = YES;
				CLANG_WARN_INFINITE_RECURSION = YES;
				CLANG_WARN_INT_CONVERSION = YES;
				CLANG_WARN_NON_LITERAL_NULL_CONVERSION = YES;
				CLANG_WARN_OBJC_IMPLICIT_RETAIN_SELF = YES;
				CLANG_WARN_OBJC_LITERAL_CONVERSION = YES;
				CLANG_WARN_OBJC_ROOT_CLASS = YES_ERROR;
				CLANG_WARN_RANGE_LOOP_ANALYSIS = YES;
				CLANG_WARN_STRICT_PROTOTYPES = YES;
				CLANG_WARN_SUSPICIOUS_MOVE = YES;
				CLANG_WARN_UNGUARDED_AVAILABILITY = YES_AGGRESSIVE;
				CLANG_WARN_UNREACHABLE_CODE = YES;
				CLANG_WARN__DUPLICATE_METHOD_MATCH = YES;
				COPY_PHASE_STRIP = NO;
				DEBUG_INFORMATION_FORMAT = "dwarf-with-dsym";
				ENABLE_NS_ASSERTIONS = NO;
				ENABLE_STRICT_OBJC_MSGSEND = YES;
				GCC_C_LANGUAGE_STANDARD = gnu11;
				GCC_NO_COMMON_BLOCKS = YES;
				GCC_WARN_64_TO_32_BIT_CONVERSION = YES;
				GCC_WARN_ABOUT_RETURN_TYPE = YES_ERROR;
				GCC_WARN_UNDECLARED_SELECTOR = YES;
				GCC_WARN_UNINITIALIZED_AUTOS = YES_AGGRESSIVE;
				GCC_WARN_UNUSED_FUNCTION = YES;
				GCC_WARN_UNUSED_VARIABLE = YES;
				IPHONEOS_DEPLOYMENT_TARGET = 13.2;
				MTL_ENABLE_DEBUG_INFO = NO;
				MTL_FAST_MATH = YES;
				SDKROOT = iphoneos;
				SWIFT_COMPILATION_MODE = wholemodule;
				SWIFT_OPTIMIZATION_LEVEL = "-O";
				VALIDATE_PRODUCT = YES;
			};
			name = Release;
		};
		FAFAFD7323D1E4FA00C4B683 /* Debug */ = {
			isa = XCBuildConfiguration;
			buildSettings = {
				ALWAYS_EMBED_SWIFT_STANDARD_LIBRARIES = YES;
				ASSETCATALOG_COMPILER_APPICON_NAME = AppIcon;
				CODE_SIGN_IDENTITY = "Apple Development";
				CODE_SIGN_STYLE = Automatic;
				DEVELOPMENT_TEAM = V8446ZTNQ4;
				INFOPLIST_FILE = DecoupledNetworking/Info.plist;
				LD_RUNPATH_SEARCH_PATHS = (
					"$(inherited)",
					"@executable_path/Frameworks",
				);
				PRODUCT_BUNDLE_IDENTIFIER = com.udevoffice.decoupled.net;
				PRODUCT_NAME = "$(TARGET_NAME)";
				PROVISIONING_PROFILE_SPECIFIER = "";
				SWIFT_VERSION = 5.0;
				TARGETED_DEVICE_FAMILY = 1;
			};
			name = Debug;
		};
		FAFAFD7423D1E4FA00C4B683 /* Release */ = {
			isa = XCBuildConfiguration;
			buildSettings = {
				ALWAYS_EMBED_SWIFT_STANDARD_LIBRARIES = YES;
				ASSETCATALOG_COMPILER_APPICON_NAME = AppIcon;
				CODE_SIGN_IDENTITY = "Apple Development";
				CODE_SIGN_STYLE = Automatic;
				DEVELOPMENT_TEAM = V8446ZTNQ4;
				INFOPLIST_FILE = DecoupledNetworking/Info.plist;
				LD_RUNPATH_SEARCH_PATHS = (
					"$(inherited)",
					"@executable_path/Frameworks",
				);
				PRODUCT_BUNDLE_IDENTIFIER = com.udevoffice.decoupled.net;
				PRODUCT_NAME = "$(TARGET_NAME)";
				PROVISIONING_PROFILE_SPECIFIER = "";
				SWIFT_VERSION = 5.0;
				TARGETED_DEVICE_FAMILY = 1;
			};
			name = Release;
		};
/* End XCBuildConfiguration section */

/* Begin XCConfigurationList section */
		FAFAFD5923D1E4F800C4B683 /* Build configuration list for PBXProject "DecoupledNetworking" */ = {
			isa = XCConfigurationList;
			buildConfigurations = (
				FAFAFD7023D1E4FA00C4B683 /* Debug */,
				FAFAFD7123D1E4FA00C4B683 /* Release */,
			);
			defaultConfigurationIsVisible = 0;
			defaultConfigurationName = Release;
		};
		FAFAFD7223D1E4FA00C4B683 /* Build configuration list for PBXNativeTarget "DecoupledNetworking" */ = {
			isa = XCConfigurationList;
			buildConfigurations = (
				FAFAFD7323D1E4FA00C4B683 /* Debug */,
				FAFAFD7423D1E4FA00C4B683 /* Release */,
			);
			defaultConfigurationIsVisible = 0;
			defaultConfigurationName = Release;
		};
/* End XCConfigurationList section */

/* Begin XCRemoteSwiftPackageReference section */
		FABF3486241FCAC00029D981 /* XCRemoteSwiftPackageReference "SimpleCachedNetworking" */ = {
			isa = XCRemoteSwiftPackageReference;
			repositoryURL = "git@github.com:tonezone6/SimpleCachedNetworking.git";
			requirement = {
				branch = master;
				kind = branch;
			};
		};
/* End XCRemoteSwiftPackageReference section */

/* Begin XCSwiftPackageProductDependency section */
		FABF3487241FCAC00029D981 /* SimpleCachedNetworking */ = {
			isa = XCSwiftPackageProductDependency;
			package = FABF3486241FCAC00029D981 /* XCRemoteSwiftPackageReference "SimpleCachedNetworking" */;
			productName = SimpleCachedNetworking;
		};
/* End XCSwiftPackageProductDependency section */
	};
	rootObject = FAFAFD5623D1E4F800C4B683 /* Project object */;
}
