// !$*UTF8*$!
{
	archiveVersion = 1;
	classes = {
	};
	objectVersion = 52;
	objects = {

/* Begin PBXBuildFile section */
		FA1B2DE623D24A75007E7E58 /* CardView.swift in Sources */ = {isa = PBXBuildFile; fileRef = FA1B2DE523D24A75007E7E58 /* CardView.swift */; };
		FA1B2DEC23D35156007E7E58 /* NavigationController.swift in Sources */ = {isa = PBXBuildFile; fileRef = FA1B2DEB23D35156007E7E58 /* NavigationController.swift */; };
		FA29354D23F7237B00236B18 /* LoadingView.swift in Sources */ = {isa = PBXBuildFile; fileRef = FA29354C23F7237B00236B18 /* LoadingView.swift */; };
		FA36D83223F15A25008B921F /* Networking in Frameworks */ = {isa = PBXBuildFile; productRef = FA36D83123F15A25008B921F /* Networking */; };
		FA80B06B23D380A8006AFF31 /* README.md in Resources */ = {isa = PBXBuildFile; fileRef = FA80B06A23D380A8006AFF31 /* README.md */; };
		FAA645FF23F176B500FC66AF /* AppKit.h in Headers */ = {isa = PBXBuildFile; fileRef = FAA645FD23F176B500FC66AF /* AppKit.h */; settings = {ATTRIBUTES = (Public, ); }; };
		FAA6460223F176B500FC66AF /* AppKit.framework in Frameworks */ = {isa = PBXBuildFile; fileRef = FAA645FB23F176B500FC66AF /* AppKit.framework */; };
		FAA6460323F176B500FC66AF /* AppKit.framework in Embed Frameworks */ = {isa = PBXBuildFile; fileRef = FAA645FB23F176B500FC66AF /* AppKit.framework */; settings = {ATTRIBUTES = (CodeSignOnCopy, RemoveHeadersOnCopy, ); }; };
		FAA6460723F176C100FC66AF /* EdgeInsets+Init.swift in Sources */ = {isa = PBXBuildFile; fileRef = FA1B2DE323D248E8007E7E58 /* EdgeInsets+Init.swift */; };
		FAA6460923F176C100FC66AF /* View+AutoLayout.swift in Sources */ = {isa = PBXBuildFile; fileRef = FAFAFD7B23D1F1A500C4B683 /* View+AutoLayout.swift */; };
		FAA6460A23F176C100FC66AF /* Server+Development.swift in Sources */ = {isa = PBXBuildFile; fileRef = FA36E07E23F0801000A58E43 /* Server+Development.swift */; };
		FAA6461023F179A700FC66AF /* Networking in Frameworks */ = {isa = PBXBuildFile; productRef = FAA6460F23F179A700FC66AF /* Networking */; };
		FAA6461423F17A2C00FC66AF /* CachedWebservice.swift in Sources */ = {isa = PBXBuildFile; fileRef = FA05669B23D5D9F000CCF07F /* CachedWebservice.swift */; };
		FAA6461623F17A5400FC66AF /* Comment.swift in Sources */ = {isa = PBXBuildFile; fileRef = FAFAFD7723D1EB8200C4B683 /* Comment.swift */; };
		FAC21C0223D206C800383478 /* DetailsViewController.swift in Sources */ = {isa = PBXBuildFile; fileRef = FAC21C0123D206C800383478 /* DetailsViewController.swift */; };
		FAC21C0823D20B9E00383478 /* AppCoordinator.swift in Sources */ = {isa = PBXBuildFile; fileRef = FAC21C0723D20B9E00383478 /* AppCoordinator.swift */; };
		FAE94C2B23DCA94000A709AC /* CommentsViewController.swift in Sources */ = {isa = PBXBuildFile; fileRef = FAE94C2A23DCA94000A709AC /* CommentsViewController.swift */; };
		FAFAFD6223D1E4F800C4B683 /* AppDelegate.swift in Sources */ = {isa = PBXBuildFile; fileRef = FAFAFD6123D1E4F800C4B683 /* AppDelegate.swift */; };
		FAFAFD6423D1E4F800C4B683 /* SceneDelegate.swift in Sources */ = {isa = PBXBuildFile; fileRef = FAFAFD6323D1E4F800C4B683 /* SceneDelegate.swift */; };
		FAFAFD6B23D1E4FA00C4B683 /* Assets.xcassets in Resources */ = {isa = PBXBuildFile; fileRef = FAFAFD6A23D1E4FA00C4B683 /* Assets.xcassets */; };
		FAFAFD6E23D1E4FA00C4B683 /* LaunchScreen.storyboard in Resources */ = {isa = PBXBuildFile; fileRef = FAFAFD6C23D1E4FA00C4B683 /* LaunchScreen.storyboard */; };
		FAFAFD7E23D1F8E700C4B683 /* LoadingViewController.swift in Sources */ = {isa = PBXBuildFile; fileRef = FAFAFD7D23D1F8E700C4B683 /* LoadingViewController.swift */; };
		FAFAFD8423D2039700C4B683 /* SubtitleTableViewCell.swift in Sources */ = {isa = PBXBuildFile; fileRef = FAFAFD8323D2039700C4B683 /* SubtitleTableViewCell.swift */; };
/* End PBXBuildFile section */

/* Begin PBXContainerItemProxy section */
		FAA6460023F176B500FC66AF /* PBXContainerItemProxy */ = {
			isa = PBXContainerItemProxy;
			containerPortal = FAFAFD5623D1E4F800C4B683 /* Project object */;
			proxyType = 1;
			remoteGlobalIDString = FAA645FA23F176B500FC66AF;
			remoteInfo = AppKit;
		};
/* End PBXContainerItemProxy section */

/* Begin PBXCopyFilesBuildPhase section */
		FA59401023F173CA00E6CADD /* Embed Frameworks */ = {
			isa = PBXCopyFilesBuildPhase;
			buildActionMask = 2147483647;
			dstPath = "";
			dstSubfolderSpec = 10;
			files = (
				FAA6460323F176B500FC66AF /* AppKit.framework in Embed Frameworks */,
			);
			name = "Embed Frameworks";
			runOnlyForDeploymentPostprocessing = 0;
		};
/* End PBXCopyFilesBuildPhase section */

/* Begin PBXFileReference section */
		FA05669B23D5D9F000CCF07F /* CachedWebservice.swift */ = {isa = PBXFileReference; lastKnownFileType = sourcecode.swift; path = CachedWebservice.swift; sourceTree = "<group>"; };
		FA1B2DE323D248E8007E7E58 /* EdgeInsets+Init.swift */ = {isa = PBXFileReference; lastKnownFileType = sourcecode.swift; path = "EdgeInsets+Init.swift"; sourceTree = "<group>"; };
		FA1B2DE523D24A75007E7E58 /* CardView.swift */ = {isa = PBXFileReference; lastKnownFileType = sourcecode.swift; path = CardView.swift; sourceTree = "<group>"; };
		FA1B2DEB23D35156007E7E58 /* NavigationController.swift */ = {isa = PBXFileReference; lastKnownFileType = sourcecode.swift; path = NavigationController.swift; sourceTree = "<group>"; };
		FA29354C23F7237B00236B18 /* LoadingView.swift */ = {isa = PBXFileReference; lastKnownFileType = sourcecode.swift; path = LoadingView.swift; sourceTree = "<group>"; };
		FA36E07E23F0801000A58E43 /* Server+Development.swift */ = {isa = PBXFileReference; lastKnownFileType = sourcecode.swift; path = "Server+Development.swift"; sourceTree = "<group>"; };
		FA80B06A23D380A8006AFF31 /* README.md */ = {isa = PBXFileReference; lastKnownFileType = net.daringfireball.markdown; path = README.md; sourceTree = "<group>"; };
		FAA645FB23F176B500FC66AF /* AppKit.framework */ = {isa = PBXFileReference; explicitFileType = wrapper.framework; includeInIndex = 0; path = AppKit.framework; sourceTree = BUILT_PRODUCTS_DIR; };
		FAA645FD23F176B500FC66AF /* AppKit.h */ = {isa = PBXFileReference; lastKnownFileType = sourcecode.c.h; path = AppKit.h; sourceTree = "<group>"; };
		FAA645FE23F176B500FC66AF /* Info.plist */ = {isa = PBXFileReference; lastKnownFileType = text.plist.xml; path = Info.plist; sourceTree = "<group>"; };
		FAA6460C23F1798B00FC66AF /* CoreServices.framework */ = {isa = PBXFileReference; lastKnownFileType = wrapper.framework; name = CoreServices.framework; path = System/Library/Frameworks/CoreServices.framework; sourceTree = SDKROOT; };
		FAC21C0123D206C800383478 /* DetailsViewController.swift */ = {isa = PBXFileReference; lastKnownFileType = sourcecode.swift; path = DetailsViewController.swift; sourceTree = "<group>"; };
		FAC21C0723D20B9E00383478 /* AppCoordinator.swift */ = {isa = PBXFileReference; fileEncoding = 4; lastKnownFileType = sourcecode.swift; path = AppCoordinator.swift; sourceTree = "<group>"; };
		FAE94C2A23DCA94000A709AC /* CommentsViewController.swift */ = {isa = PBXFileReference; lastKnownFileType = sourcecode.swift; path = CommentsViewController.swift; sourceTree = "<group>"; };
		FAFAFD5E23D1E4F800C4B683 /* DecoupledNetworking.app */ = {isa = PBXFileReference; explicitFileType = wrapper.application; includeInIndex = 0; path = DecoupledNetworking.app; sourceTree = BUILT_PRODUCTS_DIR; };
		FAFAFD6123D1E4F800C4B683 /* AppDelegate.swift */ = {isa = PBXFileReference; lastKnownFileType = sourcecode.swift; path = AppDelegate.swift; sourceTree = "<group>"; };
		FAFAFD6323D1E4F800C4B683 /* SceneDelegate.swift */ = {isa = PBXFileReference; lastKnownFileType = sourcecode.swift; path = SceneDelegate.swift; sourceTree = "<group>"; };
		FAFAFD6A23D1E4FA00C4B683 /* Assets.xcassets */ = {isa = PBXFileReference; lastKnownFileType = folder.assetcatalog; path = Assets.xcassets; sourceTree = "<group>"; };
		FAFAFD6D23D1E4FA00C4B683 /* Base */ = {isa = PBXFileReference; lastKnownFileType = file.storyboard; name = Base; path = Base.lproj/LaunchScreen.storyboard; sourceTree = "<group>"; };
		FAFAFD6F23D1E4FA00C4B683 /* Info.plist */ = {isa = PBXFileReference; lastKnownFileType = text.plist.xml; path = Info.plist; sourceTree = "<group>"; };
		FAFAFD7723D1EB8200C4B683 /* Comment.swift */ = {isa = PBXFileReference; lastKnownFileType = sourcecode.swift; path = Comment.swift; sourceTree = "<group>"; };
		FAFAFD7B23D1F1A500C4B683 /* View+AutoLayout.swift */ = {isa = PBXFileReference; fileEncoding = 4; lastKnownFileType = sourcecode.swift; path = "View+AutoLayout.swift"; sourceTree = "<group>"; };
		FAFAFD7D23D1F8E700C4B683 /* LoadingViewController.swift */ = {isa = PBXFileReference; lastKnownFileType = sourcecode.swift; path = LoadingViewController.swift; sourceTree = "<group>"; };
		FAFAFD8323D2039700C4B683 /* SubtitleTableViewCell.swift */ = {isa = PBXFileReference; lastKnownFileType = sourcecode.swift; path = SubtitleTableViewCell.swift; sourceTree = "<group>"; };
/* End PBXFileReference section */

/* Begin PBXFrameworksBuildPhase section */
		FAA645F823F176B500FC66AF /* Frameworks */ = {
			isa = PBXFrameworksBuildPhase;
			buildActionMask = 2147483647;
			files = (
				FAA6461023F179A700FC66AF /* Networking in Frameworks */,
			);
			runOnlyForDeploymentPostprocessing = 0;
		};
		FAFAFD5B23D1E4F800C4B683 /* Frameworks */ = {
			isa = PBXFrameworksBuildPhase;
			buildActionMask = 2147483647;
			files = (
				FA36D83223F15A25008B921F /* Networking in Frameworks */,
				FAA6460223F176B500FC66AF /* AppKit.framework in Frameworks */,
			);
			runOnlyForDeploymentPostprocessing = 0;
		};
/* End PBXFrameworksBuildPhase section */

/* Begin PBXGroup section */
		FA6D0D7023DAD1B200C133CB /* Comment details */ = {
			isa = PBXGroup;
			children = (
				FA1B2DE523D24A75007E7E58 /* CardView.swift */,
				FAC21C0123D206C800383478 /* DetailsViewController.swift */,
			);
			path = "Comment details";
			sourceTree = "<group>";
		};
		FA6D0D7123DAD1C500C133CB /* Loading */ = {
			isa = PBXGroup;
			children = (
				FA29354C23F7237B00236B18 /* LoadingView.swift */,
				FAFAFD7D23D1F8E700C4B683 /* LoadingViewController.swift */,
			);
			path = Loading;
			sourceTree = "<group>";
		};
		FA6D0D7223DAD1D100C133CB /* Comment list */ = {
			isa = PBXGroup;
			children = (
				FAFAFD8323D2039700C4B683 /* SubtitleTableViewCell.swift */,
				FAE94C2A23DCA94000A709AC /* CommentsViewController.swift */,
			);
			path = "Comment list";
			sourceTree = "<group>";
		};
		FAA645FC23F176B500FC66AF /* AppKit */ = {
			isa = PBXGroup;
			children = (
				FAA6461123F17A1900FC66AF /* Extensions */,
				FAA6461523F17A3300FC66AF /* Services */,
				FAA6461723F17A5F00FC66AF /* Data model */,
				FAA645FD23F176B500FC66AF /* AppKit.h */,
				FAA645FE23F176B500FC66AF /* Info.plist */,
			);
			path = AppKit;
			sourceTree = "<group>";
		};
		FAA6460B23F1798B00FC66AF /* Frameworks */ = {
			isa = PBXGroup;
			children = (
				FAA6460C23F1798B00FC66AF /* CoreServices.framework */,
			);
			name = Frameworks;
			sourceTree = "<group>";
		};
		FAA6461123F17A1900FC66AF /* Extensions */ = {
			isa = PBXGroup;
			children = (
				FAFAFD7B23D1F1A500C4B683 /* View+AutoLayout.swift */,
				FA1B2DE323D248E8007E7E58 /* EdgeInsets+Init.swift */,
				FA36E07E23F0801000A58E43 /* Server+Development.swift */,
			);
			path = Extensions;
			sourceTree = "<group>";
		};
		FAA6461523F17A3300FC66AF /* Services */ = {
			isa = PBXGroup;
			children = (
				FA05669B23D5D9F000CCF07F /* CachedWebservice.swift */,
			);
			path = Services;
			sourceTree = "<group>";
		};
		FAA6461723F17A5F00FC66AF /* Data model */ = {
			isa = PBXGroup;
			children = (
				FAFAFD7723D1EB8200C4B683 /* Comment.swift */,
			);
			path = "Data model";
			sourceTree = "<group>";
		};
		FAFAFD5523D1E4F800C4B683 = {
			isa = PBXGroup;
			children = (
				FA80B06A23D380A8006AFF31 /* README.md */,
				FAFAFD6023D1E4F800C4B683 /* DecoupledNetworking */,
				FAA645FC23F176B500FC66AF /* AppKit */,
				FAFAFD5F23D1E4F800C4B683 /* Products */,
				FAA6460B23F1798B00FC66AF /* Frameworks */,
			);
			sourceTree = "<group>";
		};
		FAFAFD5F23D1E4F800C4B683 /* Products */ = {
			isa = PBXGroup;
			children = (
				FAFAFD5E23D1E4F800C4B683 /* DecoupledNetworking.app */,
				FAA645FB23F176B500FC66AF /* AppKit.framework */,
			);
			name = Products;
			sourceTree = "<group>";
		};
		FAFAFD6023D1E4F800C4B683 /* DecoupledNetworking */ = {
			isa = PBXGroup;
			children = (
				FAFAFD6123D1E4F800C4B683 /* AppDelegate.swift */,
				FAFAFD6323D1E4F800C4B683 /* SceneDelegate.swift */,
				FAC21C0723D20B9E00383478 /* AppCoordinator.swift */,
				FAFAFD8523D203B500C4B683 /* Main */,
				FA6D0D7123DAD1C500C133CB /* Loading */,
				FA6D0D7223DAD1D100C133CB /* Comment list */,
				FA6D0D7023DAD1B200C133CB /* Comment details */,
				FAFAFD6A23D1E4FA00C4B683 /* Assets.xcassets */,
				FAFAFD6C23D1E4FA00C4B683 /* LaunchScreen.storyboard */,
				FAFAFD6F23D1E4FA00C4B683 /* Info.plist */,
			);
			path = DecoupledNetworking;
			sourceTree = "<group>";
		};
		FAFAFD8523D203B500C4B683 /* Main */ = {
			isa = PBXGroup;
			children = (
				FA1B2DEB23D35156007E7E58 /* NavigationController.swift */,
			);
			path = Main;
			sourceTree = "<group>";
		};
/* End PBXGroup section */

/* Begin PBXHeadersBuildPhase section */
		FAA645F623F176B500FC66AF /* Headers */ = {
			isa = PBXHeadersBuildPhase;
			buildActionMask = 2147483647;
			files = (
				FAA645FF23F176B500FC66AF /* AppKit.h in Headers */,
			);
			runOnlyForDeploymentPostprocessing = 0;
		};
/* End PBXHeadersBuildPhase section */

/* Begin PBXNativeTarget section */
		FAA645FA23F176B500FC66AF /* AppKit */ = {
			isa = PBXNativeTarget;
			buildConfigurationList = FAA6460423F176B500FC66AF /* Build configuration list for PBXNativeTarget "AppKit" */;
			buildPhases = (
				FAA645F623F176B500FC66AF /* Headers */,
				FAA645F723F176B500FC66AF /* Sources */,
				FAA645F823F176B500FC66AF /* Frameworks */,
				FAA645F923F176B500FC66AF /* Resources */,
			);
			buildRules = (
			);
			dependencies = (
			);
			name = AppKit;
			packageProductDependencies = (
				FAA6460F23F179A700FC66AF /* Networking */,
			);
			productName = AppKit;
			productReference = FAA645FB23F176B500FC66AF /* AppKit.framework */;
			productType = "com.apple.product-type.framework";
		};
		FAFAFD5D23D1E4F800C4B683 /* DecoupledNetworking */ = {
			isa = PBXNativeTarget;
			buildConfigurationList = FAFAFD7223D1E4FA00C4B683 /* Build configuration list for PBXNativeTarget "DecoupledNetworking" */;
			buildPhases = (
				FAFAFD5A23D1E4F800C4B683 /* Sources */,
				FAFAFD5B23D1E4F800C4B683 /* Frameworks */,
				FAFAFD5C23D1E4F800C4B683 /* Resources */,
				FA59401023F173CA00E6CADD /* Embed Frameworks */,
			);
			buildRules = (
			);
			dependencies = (
				FAA6460123F176B500FC66AF /* PBXTargetDependency */,
			);
			name = DecoupledNetworking;
			packageProductDependencies = (
				FA36D83123F15A25008B921F /* Networking */,
			);
			productName = DecoupledNetworking;
			productReference = FAFAFD5E23D1E4F800C4B683 /* DecoupledNetworking.app */;
			productType = "com.apple.product-type.application";
		};
/* End PBXNativeTarget section */

/* Begin PBXProject section */
		FAFAFD5623D1E4F800C4B683 /* Project object */ = {
			isa = PBXProject;
			attributes = {
				LastSwiftUpdateCheck = 1130;
				LastUpgradeCheck = 1130;
				ORGANIZATIONNAME = tonezone6;
				TargetAttributes = {
					FAA645FA23F176B500FC66AF = {
						CreatedOnToolsVersion = 11.3.1;
					};
					FAFAFD5D23D1E4F800C4B683 = {
						CreatedOnToolsVersion = 11.3.1;
					};
				};
			};
			buildConfigurationList = FAFAFD5923D1E4F800C4B683 /* Build configuration list for PBXProject "DecoupledNetworking" */;
			compatibilityVersion = "Xcode 9.3";
			developmentRegion = en;
			hasScannedForEncodings = 0;
			knownRegions = (
				en,
				Base,
			);
			mainGroup = FAFAFD5523D1E4F800C4B683;
			packageReferences = (
				FA36D83023F15A25008B921F /* XCRemoteSwiftPackageReference "Networking" */,
			);
			productRefGroup = FAFAFD5F23D1E4F800C4B683 /* Products */;
			projectDirPath = "";
			projectRoot = "";
			targets = (
				FAFAFD5D23D1E4F800C4B683 /* DecoupledNetworking */,
				FAA645FA23F176B500FC66AF /* AppKit */,
			);
		};
/* End PBXProject section */

/* Begin PBXResourcesBuildPhase section */
		FAA645F923F176B500FC66AF /* Resources */ = {
			isa = PBXResourcesBuildPhase;
			buildActionMask = 2147483647;
			files = (
			);
			runOnlyForDeploymentPostprocessing = 0;
		};
		FAFAFD5C23D1E4F800C4B683 /* Resources */ = {
			isa = PBXResourcesBuildPhase;
			buildActionMask = 2147483647;
			files = (
				FA80B06B23D380A8006AFF31 /* README.md in Resources */,
				FAFAFD6E23D1E4FA00C4B683 /* LaunchScreen.storyboard in Resources */,
				FAFAFD6B23D1E4FA00C4B683 /* Assets.xcassets in Resources */,
			);
			runOnlyForDeploymentPostprocessing = 0;
		};
/* End PBXResourcesBuildPhase section */

/* Begin PBXSourcesBuildPhase section */
		FAA645F723F176B500FC66AF /* Sources */ = {
			isa = PBXSourcesBuildPhase;
			buildActionMask = 2147483647;
			files = (
				FAA6460A23F176C100FC66AF /* Server+Development.swift in Sources */,
				FAA6461423F17A2C00FC66AF /* CachedWebservice.swift in Sources */,
				FAA6461623F17A5400FC66AF /* Comment.swift in Sources */,
				FAA6460923F176C100FC66AF /* View+AutoLayout.swift in Sources */,
				FAA6460723F176C100FC66AF /* EdgeInsets+Init.swift in Sources */,
			);
			runOnlyForDeploymentPostprocessing = 0;
		};
		FAFAFD5A23D1E4F800C4B683 /* Sources */ = {
			isa = PBXSourcesBuildPhase;
			buildActionMask = 2147483647;
			files = (
				FA1B2DE623D24A75007E7E58 /* CardView.swift in Sources */,
				FAC21C0823D20B9E00383478 /* AppCoordinator.swift in Sources */,
				FAFAFD6223D1E4F800C4B683 /* AppDelegate.swift in Sources */,
				FA29354D23F7237B00236B18 /* LoadingView.swift in Sources */,
				FAFAFD8423D2039700C4B683 /* SubtitleTableViewCell.swift in Sources */,
				FAE94C2B23DCA94000A709AC /* CommentsViewController.swift in Sources */,
				FAFAFD7E23D1F8E700C4B683 /* LoadingViewController.swift in Sources */,
				FA1B2DEC23D35156007E7E58 /* NavigationController.swift in Sources */,
				FAC21C0223D206C800383478 /* DetailsViewController.swift in Sources */,
				FAFAFD6423D1E4F800C4B683 /* SceneDelegate.swift in Sources */,
			);
			runOnlyForDeploymentPostprocessing = 0;
		};
/* End PBXSourcesBuildPhase section */

/* Begin PBXTargetDependency section */
		FAA6460123F176B500FC66AF /* PBXTargetDependency */ = {
			isa = PBXTargetDependency;
			target = FAA645FA23F176B500FC66AF /* AppKit */;
			targetProxy = FAA6460023F176B500FC66AF /* PBXContainerItemProxy */;
		};
/* End PBXTargetDependency section */

/* Begin PBXVariantGroup section */
		FAFAFD6C23D1E4FA00C4B683 /* LaunchScreen.storyboard */ = {
			isa = PBXVariantGroup;
			children = (
				FAFAFD6D23D1E4FA00C4B683 /* Base */,
			);
			name = LaunchScreen.storyboard;
			sourceTree = "<group>";
		};
/* End PBXVariantGroup section */

/* Begin XCBuildConfiguration section */
		FAA6460523F176B500FC66AF /* Debug */ = {
			isa = XCBuildConfiguration;
			buildSettings = {
				APPLICATION_EXTENSION_API_ONLY = NO;
				CODE_SIGN_IDENTITY = "Apple Development";
				CODE_SIGN_STYLE = Automatic;
				CURRENT_PROJECT_VERSION = 1;
				DEFINES_MODULE = YES;
				DEVELOPMENT_TEAM = V8446ZTNQ4;
				DYLIB_COMPATIBILITY_VERSION = 1;
				DYLIB_CURRENT_VERSION = 1;
				DYLIB_INSTALL_NAME_BASE = "@rpath";
				INFOPLIST_FILE = AppKit/Info.plist;
				INSTALL_PATH = "$(LOCAL_LIBRARY_DIR)/Frameworks";
				LD_RUNPATH_SEARCH_PATHS = (
					"$(inherited)",
					"@executable_path/Frameworks",
					"@loader_path/Frameworks",
				);
				PRODUCT_BUNDLE_IDENTIFIER = com.tonezone.AppKit;
				PRODUCT_NAME = "$(TARGET_NAME:c99extidentifier)";
				SKIP_INSTALL = YES;
				SUPPORTS_MACCATALYST = NO;
				SWIFT_VERSION = 5.0;
				TARGETED_DEVICE_FAMILY = "1,2";
				VERSIONING_SYSTEM = "apple-generic";
				VERSION_INFO_PREFIX = "";
			};
			name = Debug;
		};
		FAA6460623F176B500FC66AF /* Release */ = {
			isa = XCBuildConfiguration;
			buildSettings = {
				APPLICATION_EXTENSION_API_ONLY = NO;
				CODE_SIGN_IDENTITY = "Apple Development";
				CODE_SIGN_STYLE = Automatic;
				CURRENT_PROJECT_VERSION = 1;
				DEFINES_MODULE = YES;
				DEVELOPMENT_TEAM = V8446ZTNQ4;
				DYLIB_COMPATIBILITY_VERSION = 1;
				DYLIB_CURRENT_VERSION = 1;
				DYLIB_INSTALL_NAME_BASE = "@rpath";
				INFOPLIST_FILE = AppKit/Info.plist;
				INSTALL_PATH = "$(LOCAL_LIBRARY_DIR)/Frameworks";
				LD_RUNPATH_SEARCH_PATHS = (
					"$(inherited)",
					"@executable_path/Frameworks",
					"@loader_path/Frameworks",
				);
				PRODUCT_BUNDLE_IDENTIFIER = com.tonezone.AppKit;
				PRODUCT_NAME = "$(TARGET_NAME:c99extidentifier)";
				SKIP_INSTALL = YES;
				SUPPORTS_MACCATALYST = NO;
				SWIFT_VERSION = 5.0;
				TARGETED_DEVICE_FAMILY = "1,2";
				VERSIONING_SYSTEM = "apple-generic";
				VERSION_INFO_PREFIX = "";
			};
			name = Release;
		};
		FAFAFD7023D1E4FA00C4B683 /* Debug */ = {
			isa = XCBuildConfiguration;
			buildSettings = {
				ALWAYS_SEARCH_USER_PATHS = NO;
				CLANG_ANALYZER_NONNULL = YES;
				CLANG_ANALYZER_NUMBER_OBJECT_CONVERSION = YES_AGGRESSIVE;
				CLANG_CXX_LANGUAGE_STANDARD = "gnu++14";
				CLANG_CXX_LIBRARY = "libc++";
				CLANG_ENABLE_MODULES = YES;
				CLANG_ENABLE_OBJC_ARC = YES;
				CLANG_ENABLE_OBJC_WEAK = YES;
				CLANG_WARN_BLOCK_CAPTURE_AUTORELEASING = YES;
				CLANG_WARN_BOOL_CONVERSION = YES;
				CLANG_WARN_COMMA = YES;
				CLANG_WARN_CONSTANT_CONVERSION = YES;
				CLANG_WARN_DEPRECATED_OBJC_IMPLEMENTATIONS = YES;
				CLANG_WARN_DIRECT_OBJC_ISA_USAGE = YES_ERROR;
				CLANG_WARN_DOCUMENTATION_COMMENTS = YES;
				CLANG_WARN_EMPTY_BODY = YES;
				CLANG_WARN_ENUM_CONVERSION = YES;
				CLANG_WARN_INFINITE_RECURSION = YES;
				CLANG_WARN_INT_CONVERSION = YES;
				CLANG_WARN_NON_LITERAL_NULL_CONVERSION = YES;
				CLANG_WARN_OBJC_IMPLICIT_RETAIN_SELF = YES;
				CLANG_WARN_OBJC_LITERAL_CONVERSION = YES;
				CLANG_WARN_OBJC_ROOT_CLASS = YES_ERROR;
				CLANG_WARN_RANGE_LOOP_ANALYSIS = YES;
				CLANG_WARN_STRICT_PROTOTYPES = YES;
				CLANG_WARN_SUSPICIOUS_MOVE = YES;
				CLANG_WARN_UNGUARDED_AVAILABILITY = YES_AGGRESSIVE;
				CLANG_WARN_UNREACHABLE_CODE = YES;
				CLANG_WARN__DUPLICATE_METHOD_MATCH = YES;
				COPY_PHASE_STRIP = NO;
				DEBUG_INFORMATION_FORMAT = dwarf;
				ENABLE_STRICT_OBJC_MSGSEND = YES;
				ENABLE_TESTABILITY = YES;
				GCC_C_LANGUAGE_STANDARD = gnu11;
				GCC_DYNAMIC_NO_PIC = NO;
				GCC_NO_COMMON_BLOCKS = YES;
				GCC_OPTIMIZATION_LEVEL = 0;
				GCC_PREPROCESSOR_DEFINITIONS = (
					"DEBUG=1",
					"$(inherited)",
				);
				GCC_WARN_64_TO_32_BIT_CONVERSION = YES;
				GCC_WARN_ABOUT_RETURN_TYPE = YES_ERROR;
				GCC_WARN_UNDECLARED_SELECTOR = YES;
				GCC_WARN_UNINITIALIZED_AUTOS = YES_AGGRESSIVE;
				GCC_WARN_UNUSED_FUNCTION = YES;
				GCC_WARN_UNUSED_VARIABLE = YES;
				IPHONEOS_DEPLOYMENT_TARGET = 13.2;
				MTL_ENABLE_DEBUG_INFO = INCLUDE_SOURCE;
				MTL_FAST_MATH = YES;
				ONLY_ACTIVE_ARCH = YES;
				SDKROOT = iphoneos;
				SWIFT_ACTIVE_COMPILATION_CONDITIONS = DEBUG;
				SWIFT_OPTIMIZATION_LEVEL = "-Onone";
			};
			name = Debug;
		};
		FAFAFD7123D1E4FA00C4B683 /* Release */ = {
			isa = XCBuildConfiguration;
			buildSettings = {
				ALWAYS_SEARCH_USER_PATHS = NO;
				CLANG_ANALYZER_NONNULL = YES;
				CLANG_ANALYZER_NUMBER_OBJECT_CONVERSION = YES_AGGRESSIVE;
				CLANG_CXX_LANGUAGE_STANDARD = "gnu++14";
				CLANG_CXX_LIBRARY = "libc++";
				CLANG_ENABLE_MODULES = YES;
				CLANG_ENABLE_OBJC_ARC = YES;
				CLANG_ENABLE_OBJC_WEAK = YES;
				CLANG_WARN_BLOCK_CAPTURE_AUTORELEASING = YES;
				CLANG_WARN_BOOL_CONVERSION = YES;
				CLANG_WARN_COMMA = YES;
				CLANG_WARN_CONSTANT_CONVERSION = YES;
				CLANG_WARN_DEPRECATED_OBJC_IMPLEMENTATIONS = YES;
				CLANG_WARN_DIRECT_OBJC_ISA_USAGE = YES_ERROR;
				CLANG_WARN_DOCUMENTATION_COMMENTS = YES;
				CLANG_WARN_EMPTY_BODY = YES;
				CLANG_WARN_ENUM_CONVERSION = YES;
				CLANG_WARN_INFINITE_RECURSION = YES;
				CLANG_WARN_INT_CONVERSION = YES;
				CLANG_WARN_NON_LITERAL_NULL_CONVERSION = YES;
				CLANG_WARN_OBJC_IMPLICIT_RETAIN_SELF = YES;
				CLANG_WARN_OBJC_LITERAL_CONVERSION = YES;
				CLANG_WARN_OBJC_ROOT_CLASS = YES_ERROR;
				CLANG_WARN_RANGE_LOOP_ANALYSIS = YES;
				CLANG_WARN_STRICT_PROTOTYPES = YES;
				CLANG_WARN_SUSPICIOUS_MOVE = YES;
				CLANG_WARN_UNGUARDED_AVAILABILITY = YES_AGGRESSIVE;
				CLANG_WARN_UNREACHABLE_CODE = YES;
				CLANG_WARN__DUPLICATE_METHOD_MATCH = YES;
				COPY_PHASE_STRIP = NO;
				DEBUG_INFORMATION_FORMAT = "dwarf-with-dsym";
				ENABLE_NS_ASSERTIONS = NO;
				ENABLE_STRICT_OBJC_MSGSEND = YES;
				GCC_C_LANGUAGE_STANDARD = gnu11;
				GCC_NO_COMMON_BLOCKS = YES;
				GCC_WARN_64_TO_32_BIT_CONVERSION = YES;
				GCC_WARN_ABOUT_RETURN_TYPE = YES_ERROR;
				GCC_WARN_UNDECLARED_SELECTOR = YES;
				GCC_WARN_UNINITIALIZED_AUTOS = YES_AGGRESSIVE;
				GCC_WARN_UNUSED_FUNCTION = YES;
				GCC_WARN_UNUSED_VARIABLE = YES;
				IPHONEOS_DEPLOYMENT_TARGET = 13.2;
				MTL_ENABLE_DEBUG_INFO = NO;
				MTL_FAST_MATH = YES;
				SDKROOT = iphoneos;
				SWIFT_COMPILATION_MODE = wholemodule;
				SWIFT_OPTIMIZATION_LEVEL = "-O";
				VALIDATE_PRODUCT = YES;
			};
			name = Release;
		};
		FAFAFD7323D1E4FA00C4B683 /* Debug */ = {
			isa = XCBuildConfiguration;
			buildSettings = {
				ALWAYS_EMBED_SWIFT_STANDARD_LIBRARIES = YES;
				ASSETCATALOG_COMPILER_APPICON_NAME = AppIcon;
				CODE_SIGN_IDENTITY = "Apple Development";
				CODE_SIGN_STYLE = Automatic;
				DEVELOPMENT_TEAM = V8446ZTNQ4;
				INFOPLIST_FILE = DecoupledNetworking/Info.plist;
				LD_RUNPATH_SEARCH_PATHS = (
					"$(inherited)",
					"@executable_path/Frameworks",
				);
				PRODUCT_BUNDLE_IDENTIFIER = com.udevoffice.decoupled.net;
				PRODUCT_NAME = "$(TARGET_NAME)";
				PROVISIONING_PROFILE_SPECIFIER = "";
				SWIFT_VERSION = 5.0;
				TARGETED_DEVICE_FAMILY = 1;
			};
			name = Debug;
		};
		FAFAFD7423D1E4FA00C4B683 /* Release */ = {
			isa = XCBuildConfiguration;
			buildSettings = {
				ALWAYS_EMBED_SWIFT_STANDARD_LIBRARIES = YES;
				ASSETCATALOG_COMPILER_APPICON_NAME = AppIcon;
				CODE_SIGN_IDENTITY = "Apple Development";
				CODE_SIGN_STYLE = Automatic;
				DEVELOPMENT_TEAM = V8446ZTNQ4;
				INFOPLIST_FILE = DecoupledNetworking/Info.plist;
				LD_RUNPATH_SEARCH_PATHS = (
					"$(inherited)",
					"@executable_path/Frameworks",
				);
				PRODUCT_BUNDLE_IDENTIFIER = com.udevoffice.decoupled.net;
				PRODUCT_NAME = "$(TARGET_NAME)";
				PROVISIONING_PROFILE_SPECIFIER = "";
				SWIFT_VERSION = 5.0;
				TARGETED_DEVICE_FAMILY = 1;
			};
			name = Release;
		};
/* End XCBuildConfiguration section */

/* Begin XCConfigurationList section */
		FAA6460423F176B500FC66AF /* Build configuration list for PBXNativeTarget "AppKit" */ = {
			isa = XCConfigurationList;
			buildConfigurations = (
				FAA6460523F176B500FC66AF /* Debug */,
				FAA6460623F176B500FC66AF /* Release */,
			);
			defaultConfigurationIsVisible = 0;
			defaultConfigurationName = Release;
		};
		FAFAFD5923D1E4F800C4B683 /* Build configuration list for PBXProject "DecoupledNetworking" */ = {
			isa = XCConfigurationList;
			buildConfigurations = (
				FAFAFD7023D1E4FA00C4B683 /* Debug */,
				FAFAFD7123D1E4FA00C4B683 /* Release */,
			);
			defaultConfigurationIsVisible = 0;
			defaultConfigurationName = Release;
		};
		FAFAFD7223D1E4FA00C4B683 /* Build configuration list for PBXNativeTarget "DecoupledNetworking" */ = {
			isa = XCConfigurationList;
			buildConfigurations = (
				FAFAFD7323D1E4FA00C4B683 /* Debug */,
				FAFAFD7423D1E4FA00C4B683 /* Release */,
			);
			defaultConfigurationIsVisible = 0;
			defaultConfigurationName = Release;
		};
/* End XCConfigurationList section */

/* Begin XCRemoteSwiftPackageReference section */
		FA36D83023F15A25008B921F /* XCRemoteSwiftPackageReference "Networking" */ = {
			isa = XCRemoteSwiftPackageReference;
			repositoryURL = "https://github.com/tonezone6/Networking.git";
			requirement = {
				kind = revision;
				revision = cef74af1f66a2e93d11fa51357fe63f97f29cc81;
			};
		};
/* End XCRemoteSwiftPackageReference section */

/* Begin XCSwiftPackageProductDependency section */
		FA36D83123F15A25008B921F /* Networking */ = {
			isa = XCSwiftPackageProductDependency;
			package = FA36D83023F15A25008B921F /* XCRemoteSwiftPackageReference "Networking" */;
			productName = Networking;
		};
		FAA6460F23F179A700FC66AF /* Networking */ = {
			isa = XCSwiftPackageProductDependency;
			package = FA36D83023F15A25008B921F /* XCRemoteSwiftPackageReference "Networking" */;
			productName = Networking;
		};
/* End XCSwiftPackageProductDependency section */
	};
	rootObject = FAFAFD5623D1E4F800C4B683 /* Project object */;
}
